// !$*UTF8*$!
{
	archiveVersion = 1;
	classes = {
	};
	objectVersion = 56;
	objects = {

/* Begin PBXBuildFile section */
		182FB4992990E6E5007171F7 /* AppDelegate.swift in Sources */ = {isa = PBXBuildFile; fileRef = 182FB4982990E6E5007171F7 /* AppDelegate.swift */; };
		182FB49B2990E6E5007171F7 /* SceneDelegate.swift in Sources */ = {isa = PBXBuildFile; fileRef = 182FB49A2990E6E5007171F7 /* SceneDelegate.swift */; };
		182FB4A22990E6E6007171F7 /* Assets.xcassets in Resources */ = {isa = PBXBuildFile; fileRef = 182FB4A12990E6E6007171F7 /* Assets.xcassets */; };
		182FB4A52990E6E6007171F7 /* LaunchScreen.storyboard in Resources */ = {isa = PBXBuildFile; fileRef = 182FB4A32990E6E6007171F7 /* LaunchScreen.storyboard */; };
		182FB4AE29910F6E007171F7 /* ShopViewController.swift in Sources */ = {isa = PBXBuildFile; fileRef = 182FB4AD29910F6E007171F7 /* ShopViewController.swift */; };
		182FB4B129910F93007171F7 /* ForYouViewController.swift in Sources */ = {isa = PBXBuildFile; fileRef = 182FB4B029910F93007171F7 /* ForYouViewController.swift */; };
		182FB4B429910FBF007171F7 /* SearchViewController.swift in Sources */ = {isa = PBXBuildFile; fileRef = 182FB4B329910FBF007171F7 /* SearchViewController.swift */; };
		182FB4B829910FEB007171F7 /* BagViewController.swift in Sources */ = {isa = PBXBuildFile; fileRef = 182FB4B729910FEB007171F7 /* BagViewController.swift */; };
		182FB4BC2991115D007171F7 /* Builder.swift in Sources */ = {isa = PBXBuildFile; fileRef = 182FB4BB2991115D007171F7 /* Builder.swift */; };
		182FB4BE29927904007171F7 /* UITextField+.swift in Sources */ = {isa = PBXBuildFile; fileRef = 182FB4BD29927904007171F7 /* UITextField+.swift */; };
		182FB4C02992858A007171F7 /* FirstItemView.swift in Sources */ = {isa = PBXBuildFile; fileRef = 182FB4BF2992858A007171F7 /* FirstItemView.swift */; };
		182FB4C2299285A8007171F7 /* SecondItemView.swift in Sources */ = {isa = PBXBuildFile; fileRef = 182FB4C1299285A8007171F7 /* SecondItemView.swift */; };
		182FB4C429928B7A007171F7 /* AboutProductViewController.swift in Sources */ = {isa = PBXBuildFile; fileRef = 182FB4C329928B7A007171F7 /* AboutProductViewController.swift */; };
/* End PBXBuildFile section */

/* Begin PBXFileReference section */
		182FB4952990E6E5007171F7 /* AppleStore.app */ = {isa = PBXFileReference; explicitFileType = wrapper.application; includeInIndex = 0; path = AppleStore.app; sourceTree = BUILT_PRODUCTS_DIR; };
		182FB4982990E6E5007171F7 /* AppDelegate.swift */ = {isa = PBXFileReference; lastKnownFileType = sourcecode.swift; path = AppDelegate.swift; sourceTree = "<group>"; };
		182FB49A2990E6E5007171F7 /* SceneDelegate.swift */ = {isa = PBXFileReference; lastKnownFileType = sourcecode.swift; path = SceneDelegate.swift; sourceTree = "<group>"; };
		182FB4A12990E6E6007171F7 /* Assets.xcassets */ = {isa = PBXFileReference; lastKnownFileType = folder.assetcatalog; path = Assets.xcassets; sourceTree = "<group>"; };
		182FB4A42990E6E6007171F7 /* Base */ = {isa = PBXFileReference; lastKnownFileType = file.storyboard; name = Base; path = Base.lproj/LaunchScreen.storyboard; sourceTree = "<group>"; };
		182FB4A62990E6E6007171F7 /* Info.plist */ = {isa = PBXFileReference; lastKnownFileType = text.plist.xml; path = Info.plist; sourceTree = "<group>"; };
		182FB4AD29910F6E007171F7 /* ShopViewController.swift */ = {isa = PBXFileReference; lastKnownFileType = sourcecode.swift; path = ShopViewController.swift; sourceTree = "<group>"; };
		182FB4B029910F93007171F7 /* ForYouViewController.swift */ = {isa = PBXFileReference; lastKnownFileType = sourcecode.swift; path = ForYouViewController.swift; sourceTree = "<group>"; };
		182FB4B329910FBF007171F7 /* SearchViewController.swift */ = {isa = PBXFileReference; lastKnownFileType = sourcecode.swift; path = SearchViewController.swift; sourceTree = "<group>"; };
		182FB4B729910FEB007171F7 /* BagViewController.swift */ = {isa = PBXFileReference; lastKnownFileType = sourcecode.swift; path = BagViewController.swift; sourceTree = "<group>"; };
		182FB4BB2991115D007171F7 /* Builder.swift */ = {isa = PBXFileReference; lastKnownFileType = sourcecode.swift; path = Builder.swift; sourceTree = "<group>"; };
		182FB4BD29927904007171F7 /* UITextField+.swift */ = {isa = PBXFileReference; lastKnownFileType = sourcecode.swift; path = "UITextField+.swift"; sourceTree = "<group>"; };
		182FB4BF2992858A007171F7 /* FirstItemView.swift */ = {isa = PBXFileReference; lastKnownFileType = sourcecode.swift; path = FirstItemView.swift; sourceTree = "<group>"; };
		182FB4C1299285A8007171F7 /* SecondItemView.swift */ = {isa = PBXFileReference; lastKnownFileType = sourcecode.swift; path = SecondItemView.swift; sourceTree = "<group>"; };
		182FB4C329928B7A007171F7 /* AboutProductViewController.swift */ = {isa = PBXFileReference; lastKnownFileType = sourcecode.swift; path = AboutProductViewController.swift; sourceTree = "<group>"; };
/* End PBXFileReference section */

/* Begin PBXFrameworksBuildPhase section */
		182FB4922990E6E5007171F7 /* Frameworks */ = {
			isa = PBXFrameworksBuildPhase;
			buildActionMask = 2147483647;
			files = (
			);
			runOnlyForDeploymentPostprocessing = 0;
		};
/* End PBXFrameworksBuildPhase section */

/* Begin PBXGroup section */
		182FB48C2990E6E5007171F7 = {
			isa = PBXGroup;
			children = (
				182FB4972990E6E5007171F7 /* AppleStore */,
				182FB4962990E6E5007171F7 /* Products */,
			);
			sourceTree = "<group>";
		};
		182FB4962990E6E5007171F7 /* Products */ = {
			isa = PBXGroup;
			children = (
				182FB4952990E6E5007171F7 /* AppleStore.app */,
			);
			name = Products;
			sourceTree = "<group>";
		};
		182FB4972990E6E5007171F7 /* AppleStore */ = {
			isa = PBXGroup;
			children = (
				182FB4982990E6E5007171F7 /* AppDelegate.swift */,
				182FB49A2990E6E5007171F7 /* SceneDelegate.swift */,
				182FB4AC29910F53007171F7 /* ShopViewController */,
				182FB4AF29910F76007171F7 /* ForYouViewController */,
				182FB4B229910F9F007171F7 /* SearchViewController */,
				182FB4B629910FD7007171F7 /* BagViewController */,
				182FB4B929910FFC007171F7 /* Resources */,
				182FB4BA2991113C007171F7 /* Helper */,
			);
			path = AppleStore;
			sourceTree = "<group>";
		};
		182FB4AC29910F53007171F7 /* ShopViewController */ = {
			isa = PBXGroup;
			children = (
				182FB4AD29910F6E007171F7 /* ShopViewController.swift */,
			);
			path = ShopViewController;
			sourceTree = "<group>";
		};
		182FB4AF29910F76007171F7 /* ForYouViewController */ = {
			isa = PBXGroup;
			children = (
				182FB4B029910F93007171F7 /* ForYouViewController.swift */,
			);
			path = ForYouViewController;
			sourceTree = "<group>";
		};
		182FB4B229910F9F007171F7 /* SearchViewController */ = {
			isa = PBXGroup;
			children = (
				182FB4B329910FBF007171F7 /* SearchViewController.swift */,
				182FB4C329928B7A007171F7 /* AboutProductViewController.swift */,
				182FB4BF2992858A007171F7 /* FirstItemView.swift */,
				182FB4C1299285A8007171F7 /* SecondItemView.swift */,
			);
			path = SearchViewController;
			sourceTree = "<group>";
		};
		182FB4B629910FD7007171F7 /* BagViewController */ = {
			isa = PBXGroup;
			children = (
				182FB4B729910FEB007171F7 /* BagViewController.swift */,
			);
			path = BagViewController;
			sourceTree = "<group>";
		};
		182FB4B929910FFC007171F7 /* Resources */ = {
			isa = PBXGroup;
			children = (
				182FB4A12990E6E6007171F7 /* Assets.xcassets */,
				182FB4A32990E6E6007171F7 /* LaunchScreen.storyboard */,
				182FB4A62990E6E6007171F7 /* Info.plist */,
			);
			path = Resources;
			sourceTree = "<group>";
		};
		182FB4BA2991113C007171F7 /* Helper */ = {
			isa = PBXGroup;
			children = (
				182FB4BB2991115D007171F7 /* Builder.swift */,
				182FB4BD29927904007171F7 /* UITextField+.swift */,
			);
			path = Helper;
			sourceTree = "<group>";
		};
/* End PBXGroup section */

/* Begin PBXNativeTarget section */
		182FB4942990E6E5007171F7 /* AppleStore */ = {
			isa = PBXNativeTarget;
			buildConfigurationList = 182FB4A92990E6E6007171F7 /* Build configuration list for PBXNativeTarget "AppleStore" */;
			buildPhases = (
				182FB4912990E6E5007171F7 /* Sources */,
				182FB4922990E6E5007171F7 /* Frameworks */,
				182FB4932990E6E5007171F7 /* Resources */,
			);
			buildRules = (
			);
			dependencies = (
			);
			name = AppleStore;
			productName = AppleStore;
			productReference = 182FB4952990E6E5007171F7 /* AppleStore.app */;
			productType = "com.apple.product-type.application";
		};
/* End PBXNativeTarget section */

/* Begin PBXProject section */
		182FB48D2990E6E5007171F7 /* Project object */ = {
			isa = PBXProject;
			attributes = {
				BuildIndependentTargetsInParallel = 1;
				LastSwiftUpdateCheck = 1420;
				LastUpgradeCheck = 1420;
				TargetAttributes = {
					182FB4942990E6E5007171F7 = {
						CreatedOnToolsVersion = 14.2;
					};
				};
			};
			buildConfigurationList = 182FB4902990E6E5007171F7 /* Build configuration list for PBXProject "AppleStore" */;
			compatibilityVersion = "Xcode 14.0";
			developmentRegion = en;
			hasScannedForEncodings = 0;
			knownRegions = (
				en,
				Base,
			);
			mainGroup = 182FB48C2990E6E5007171F7;
			productRefGroup = 182FB4962990E6E5007171F7 /* Products */;
			projectDirPath = "";
			projectRoot = "";
			targets = (
				182FB4942990E6E5007171F7 /* AppleStore */,
			);
		};
/* End PBXProject section */

/* Begin PBXResourcesBuildPhase section */
		182FB4932990E6E5007171F7 /* Resources */ = {
			isa = PBXResourcesBuildPhase;
			buildActionMask = 2147483647;
			files = (
				182FB4A52990E6E6007171F7 /* LaunchScreen.storyboard in Resources */,
				182FB4A22990E6E6007171F7 /* Assets.xcassets in Resources */,
			);
			runOnlyForDeploymentPostprocessing = 0;
		};
/* End PBXResourcesBuildPhase section */

/* Begin PBXSourcesBuildPhase section */
		182FB4912990E6E5007171F7 /* Sources */ = {
			isa = PBXSourcesBuildPhase;
			buildActionMask = 2147483647;
			files = (
				182FB4B829910FEB007171F7 /* BagViewController.swift in Sources */,
				182FB4B429910FBF007171F7 /* SearchViewController.swift in Sources */,
				182FB4AE29910F6E007171F7 /* ShopViewController.swift in Sources */,
				182FB4C2299285A8007171F7 /* SecondItemView.swift in Sources */,
				182FB4992990E6E5007171F7 /* AppDelegate.swift in Sources */,
				182FB4C02992858A007171F7 /* FirstItemView.swift in Sources */,
				182FB4C429928B7A007171F7 /* AboutProductViewController.swift in Sources */,
				182FB4B129910F93007171F7 /* ForYouViewController.swift in Sources */,
				182FB49B2990E6E5007171F7 /* SceneDelegate.swift in Sources */,
				182FB4BC2991115D007171F7 /* Builder.swift in Sources */,
				182FB4BE29927904007171F7 /* UITextField+.swift in Sources */,
			);
			runOnlyForDeploymentPostprocessing = 0;
		};
/* End PBXSourcesBuildPhase section */

/* Begin PBXVariantGroup section */
		182FB4A32990E6E6007171F7 /* LaunchScreen.storyboard */ = {
			isa = PBXVariantGroup;
			children = (
				182FB4A42990E6E6007171F7 /* Base */,
			);
			name = LaunchScreen.storyboard;
			sourceTree = "<group>";
		};
/* End PBXVariantGroup section */

/* Begin XCBuildConfiguration section */
		182FB4A72990E6E6007171F7 /* Debug */ = {
			isa = XCBuildConfiguration;
			buildSettings = {
				ALWAYS_SEARCH_USER_PATHS = NO;
				CLANG_ANALYZER_NONNULL = YES;
				CLANG_ANALYZER_NUMBER_OBJECT_CONVERSION = YES_AGGRESSIVE;
				CLANG_CXX_LANGUAGE_STANDARD = "gnu++20";
				CLANG_ENABLE_MODULES = YES;
				CLANG_ENABLE_OBJC_ARC = YES;
				CLANG_ENABLE_OBJC_WEAK = YES;
				CLANG_WARN_BLOCK_CAPTURE_AUTORELEASING = YES;
				CLANG_WARN_BOOL_CONVERSION = YES;
				CLANG_WARN_COMMA = YES;
				CLANG_WARN_CONSTANT_CONVERSION = YES;
				CLANG_WARN_DEPRECATED_OBJC_IMPLEMENTATIONS = YES;
				CLANG_WARN_DIRECT_OBJC_ISA_USAGE = YES_ERROR;
				CLANG_WARN_DOCUMENTATION_COMMENTS = YES;
				CLANG_WARN_EMPTY_BODY = YES;
				CLANG_WARN_ENUM_CONVERSION = YES;
				CLANG_WARN_INFINITE_RECURSION = YES;
				CLANG_WARN_INT_CONVERSION = YES;
				CLANG_WARN_NON_LITERAL_NULL_CONVERSION = YES;
				CLANG_WARN_OBJC_IMPLICIT_RETAIN_SELF = YES;
				CLANG_WARN_OBJC_LITERAL_CONVERSION = YES;
				CLANG_WARN_OBJC_ROOT_CLASS = YES_ERROR;
				CLANG_WARN_QUOTED_INCLUDE_IN_FRAMEWORK_HEADER = YES;
				CLANG_WARN_RANGE_LOOP_ANALYSIS = YES;
				CLANG_WARN_STRICT_PROTOTYPES = YES;
				CLANG_WARN_SUSPICIOUS_MOVE = YES;
				CLANG_WARN_UNGUARDED_AVAILABILITY = YES_AGGRESSIVE;
				CLANG_WARN_UNREACHABLE_CODE = YES;
				CLANG_WARN__DUPLICATE_METHOD_MATCH = YES;
				COPY_PHASE_STRIP = NO;
				DEBUG_INFORMATION_FORMAT = dwarf;
				ENABLE_STRICT_OBJC_MSGSEND = YES;
				ENABLE_TESTABILITY = YES;
				GCC_C_LANGUAGE_STANDARD = gnu11;
				GCC_DYNAMIC_NO_PIC = NO;
				GCC_NO_COMMON_BLOCKS = YES;
				GCC_OPTIMIZATION_LEVEL = 0;
				GCC_PREPROCESSOR_DEFINITIONS = (
					"DEBUG=1",
					"$(inherited)",
				);
				GCC_WARN_64_TO_32_BIT_CONVERSION = YES;
				GCC_WARN_ABOUT_RETURN_TYPE = YES_ERROR;
				GCC_WARN_UNDECLARED_SELECTOR = YES;
				GCC_WARN_UNINITIALIZED_AUTOS = YES_AGGRESSIVE;
				GCC_WARN_UNUSED_FUNCTION = YES;
				GCC_WARN_UNUSED_VARIABLE = YES;
				IPHONEOS_DEPLOYMENT_TARGET = 16.2;
				MTL_ENABLE_DEBUG_INFO = INCLUDE_SOURCE;
				MTL_FAST_MATH = YES;
				ONLY_ACTIVE_ARCH = YES;
				SDKROOT = iphoneos;
				SWIFT_ACTIVE_COMPILATION_CONDITIONS = DEBUG;
				SWIFT_OPTIMIZATION_LEVEL = "-Onone";
			};
			name = Debug;
		};
		182FB4A82990E6E6007171F7 /* Release */ = {
			isa = XCBuildConfiguration;
			buildSettings = {
				ALWAYS_SEARCH_USER_PATHS = NO;
				CLANG_ANALYZER_NONNULL = YES;
				CLANG_ANALYZER_NUMBER_OBJECT_CONVERSION = YES_AGGRESSIVE;
				CLANG_CXX_LANGUAGE_STANDARD = "gnu++20";
				CLANG_ENABLE_MODULES = YES;
				CLANG_ENABLE_OBJC_ARC = YES;
				CLANG_ENABLE_OBJC_WEAK = YES;
				CLANG_WARN_BLOCK_CAPTURE_AUTORELEASING = YES;
				CLANG_WARN_BOOL_CONVERSION = YES;
				CLANG_WARN_COMMA = YES;
				CLANG_WARN_CONSTANT_CONVERSION = YES;
				CLANG_WARN_DEPRECATED_OBJC_IMPLEMENTATIONS = YES;
				CLANG_WARN_DIRECT_OBJC_ISA_USAGE = YES_ERROR;
				CLANG_WARN_DOCUMENTATION_COMMENTS = YES;
				CLANG_WARN_EMPTY_BODY = YES;
				CLANG_WARN_ENUM_CONVERSION = YES;
				CLANG_WARN_INFINITE_RECURSION = YES;
				CLANG_WARN_INT_CONVERSION = YES;
				CLANG_WARN_NON_LITERAL_NULL_CONVERSION = YES;
				CLANG_WARN_OBJC_IMPLICIT_RETAIN_SELF = YES;
				CLANG_WARN_OBJC_LITERAL_CONVERSION = YES;
				CLANG_WARN_OBJC_ROOT_CLASS = YES_ERROR;
				CLANG_WARN_QUOTED_INCLUDE_IN_FRAMEWORK_HEADER = YES;
				CLANG_WARN_RANGE_LOOP_ANALYSIS = YES;
				CLANG_WARN_STRICT_PROTOTYPES = YES;
				CLANG_WARN_SUSPICIOUS_MOVE = YES;
				CLANG_WARN_UNGUARDED_AVAILABILITY = YES_AGGRESSIVE;
				CLANG_WARN_UNREACHABLE_CODE = YES;
				CLANG_WARN__DUPLICATE_METHOD_MATCH = YES;
				COPY_PHASE_STRIP = NO;
				DEBUG_INFORMATION_FORMAT = "dwarf-with-dsym";
				ENABLE_NS_ASSERTIONS = NO;
				ENABLE_STRICT_OBJC_MSGSEND = YES;
				GCC_C_LANGUAGE_STANDARD = gnu11;
				GCC_NO_COMMON_BLOCKS = YES;
				GCC_WARN_64_TO_32_BIT_CONVERSION = YES;
				GCC_WARN_ABOUT_RETURN_TYPE = YES_ERROR;
				GCC_WARN_UNDECLARED_SELECTOR = YES;
				GCC_WARN_UNINITIALIZED_AUTOS = YES_AGGRESSIVE;
				GCC_WARN_UNUSED_FUNCTION = YES;
				GCC_WARN_UNUSED_VARIABLE = YES;
				IPHONEOS_DEPLOYMENT_TARGET = 16.2;
				MTL_ENABLE_DEBUG_INFO = NO;
				MTL_FAST_MATH = YES;
				SDKROOT = iphoneos;
				SWIFT_COMPILATION_MODE = wholemodule;
				SWIFT_OPTIMIZATION_LEVEL = "-O";
				VALIDATE_PRODUCT = YES;
			};
			name = Release;
		};
		182FB4AA2990E6E6007171F7 /* Debug */ = {
			isa = XCBuildConfiguration;
			buildSettings = {
				ASSETCATALOG_COMPILER_APPICON_NAME = AppIcon;
				ASSETCATALOG_COMPILER_GLOBAL_ACCENT_COLOR_NAME = AccentColor;
				CODE_SIGN_STYLE = Automatic;
				CURRENT_PROJECT_VERSION = 1;
				DEVELOPMENT_TEAM = R5H4JGLB35;
				GENERATE_INFOPLIST_FILE = YES;
				INFOPLIST_FILE = AppleStore/Resources/Info.plist;
				INFOPLIST_KEY_UIApplicationSupportsIndirectInputEvents = YES;
				INFOPLIST_KEY_UILaunchStoryboardName = LaunchScreen;
				INFOPLIST_KEY_UIRequiresFullScreen = NO;
				INFOPLIST_KEY_UIStatusBarStyle = "";
				INFOPLIST_KEY_UISupportedInterfaceOrientations_iPad = "UIInterfaceOrientationPortrait UIInterfaceOrientationPortraitUpsideDown UIInterfaceOrientationLandscapeLeft UIInterfaceOrientationLandscapeRight";
				INFOPLIST_KEY_UISupportedInterfaceOrientations_iPhone = "UIInterfaceOrientationPortrait UIInterfaceOrientationLandscapeLeft UIInterfaceOrientationLandscapeRight";
				LD_RUNPATH_SEARCH_PATHS = (
					"$(inherited)",
					"@executable_path/Frameworks",
				);
				MARKETING_VERSION = 1.0;
				PRODUCT_BUNDLE_IDENTIFIER = com.team.AppleStore;
				PRODUCT_NAME = "$(TARGET_NAME)";
				SWIFT_EMIT_LOC_STRINGS = YES;
				SWIFT_VERSION = 5.0;
				TARGETED_DEVICE_FAMILY = "1,2";
			};
			name = Debug;
		};
		182FB4AB2990E6E6007171F7 /* Release */ = {
			isa = XCBuildConfiguration;
			buildSettings = {
				ASSETCATALOG_COMPILER_APPICON_NAME = AppIcon;
				ASSETCATALOG_COMPILER_GLOBAL_ACCENT_COLOR_NAME = AccentColor;
				CODE_SIGN_STYLE = Automatic;
				CURRENT_PROJECT_VERSION = 1;
				DEVELOPMENT_TEAM = R5H4JGLB35;
				GENERATE_INFOPLIST_FILE = YES;
				INFOPLIST_FILE = AppleStore/Resources/Info.plist;
				INFOPLIST_KEY_UIApplicationSupportsIndirectInputEvents = YES;
				INFOPLIST_KEY_UILaunchStoryboardName = LaunchScreen;
				INFOPLIST_KEY_UIRequiresFullScreen = NO;
				INFOPLIST_KEY_UIStatusBarStyle = "";
				INFOPLIST_KEY_UISupportedInterfaceOrientations_iPad = "UIInterfaceOrientationPortrait UIInterfaceOrientationPortraitUpsideDown UIInterfaceOrientationLandscapeLeft UIInterfaceOrientationLandscapeRight";
				INFOPLIST_KEY_UISupportedInterfaceOrientations_iPhone = "UIInterfaceOrientationPortrait UIInterfaceOrientationLandscapeLeft UIInterfaceOrientationLandscapeRight";
				LD_RUNPATH_SEARCH_PATHS = (
					"$(inherited)",
					"@executable_path/Frameworks",
				);
				MARKETING_VERSION = 1.0;
				PRODUCT_BUNDLE_IDENTIFIER = com.team.AppleStore;
				PRODUCT_NAME = "$(TARGET_NAME)";
				SWIFT_EMIT_LOC_STRINGS = YES;
				SWIFT_VERSION = 5.0;
				TARGETED_DEVICE_FAMILY = "1,2";
			};
			name = Release;
		};
/* End XCBuildConfiguration section */

/* Begin XCConfigurationList section */
		182FB4902990E6E5007171F7 /* Build configuration list for PBXProject "AppleStore" */ = {
			isa = XCConfigurationList;
			buildConfigurations = (
				182FB4A72990E6E6007171F7 /* Debug */,
				182FB4A82990E6E6007171F7 /* Release */,
			);
			defaultConfigurationIsVisible = 0;
			defaultConfigurationName = Release;
		};
		182FB4A92990E6E6007171F7 /* Build configuration list for PBXNativeTarget "AppleStore" */ = {
			isa = XCConfigurationList;
			buildConfigurations = (
				182FB4AA2990E6E6007171F7 /* Debug */,
				182FB4AB2990E6E6007171F7 /* Release */,
			);
			defaultConfigurationIsVisible = 0;
			defaultConfigurationName = Release;
		};
/* End XCConfigurationList section */
	};
	rootObject = 182FB48D2990E6E5007171F7 /* Project object */;
}
